
Microsoft Visual Studio Solution File, Format Version 12.00
# Visual Studio Version 17
VisualStudioVersion = 17.6.33723.286
MinimumVisualStudioVersion = 10.0.40219.1
Project("{9A19103F-16F7-4668-BE54-9A1E7A4F7556}") = "EMS", "EMS\EMS.csproj", "{3E4BF28B-458A-4E73-9739-2858DC464633}"
EndProject
Global
	GlobalSection(SolutionConfigurationPlatforms) = preSolution
		Debug|Any CPU = Debug|Any CPU
		Release|Any CPU = Release|Any CPU
	EndGlobalSection
	GlobalSection(ProjectConfigurationPlatforms) = postSolution
		{3E4BF28B-458A-4E73-9739-2858DC464633}.Debug|Any CPU.ActiveCfg = Debug|Any CPU
		{3E4BF28B-458A-4E73-9739-2858DC464633}.Debug|Any CPU.Build.0 = Debug|Any CPU
		{3E4BF28B-458A-4E73-9739-2858DC464633}.Release|Any CPU.ActiveCfg = Release|Any CPU
		{3E4BF28B-458A-4E73-9739-2858DC464633}.Release|Any CPU.Build.0 = Release|Any CPU
	EndGlobalSection
	GlobalSection(SolutionProperties) = preSolution
		HideSolutionNode = FALSE
	EndGlobalSection
	GlobalSection(ExtensibilityGlobals) = postSolution
		SolutionGuid = {A7C21298-5E7E-43A6-A327-0E0EAB792545}
	EndGlobalSection
EndGlobal
